
Microsoft Visual Studio Solution File, Format Version 12.00
# Visual Studio Version 16
VisualStudioVersion = 16.0.29215.179
MinimumVisualStudioVersion = 10.0.40219.1
Project("{FAE04EC0-301F-11D3-BF4B-00C04F79EFBC}") = "GraphAlgorithms", "GraphAlgorithms\GraphAlgorithms.csproj", "{A81053AF-4ABC-4566-A90A-FC9AD01C3D78}"
EndProject
Global
	GlobalSection(SolutionConfigurationPlatforms) = preSolution
		Debug|Any CPU = Debug|Any CPU
		Release|Any CPU = Release|Any CPU
	EndGlobalSection
	GlobalSection(ProjectConfigurationPlatforms) = postSolution
		{A81053AF-4ABC-4566-A90A-FC9AD01C3D78}.Debug|Any CPU.ActiveCfg = Debug|Any CPU
		{A81053AF-4ABC-4566-A90A-FC9AD01C3D78}.Debug|Any CPU.Build.0 = Debug|Any CPU
		{A81053AF-4ABC-4566-A90A-FC9AD01C3D78}.Release|Any CPU.ActiveCfg = Release|Any CPU
		{A81053AF-4ABC-4566-A90A-FC9AD01C3D78}.Release|Any CPU.Build.0 = Release|Any CPU
	EndGlobalSection
	GlobalSection(SolutionProperties) = preSolution
		HideSolutionNode = FALSE
	EndGlobalSection
	GlobalSection(ExtensibilityGlobals) = postSolution
		SolutionGuid = {ECD0CD47-E910-4166-9780-4C125EEA48BA}
	EndGlobalSection
EndGlobal
